
Microsoft Visual Studio Solution File, Format Version 12.00
# Visual Studio Version 16
VisualStudioVersion = 16.0.30621.155
MinimumVisualStudioVersion = 10.0.40219.1
Project("{FAE04EC0-301F-11D3-BF4B-00C04F79EFBC}") = "XamarinCustomAlertDialog.Android", "XamarinCustomAlertDialog\XamarinCustomAlertDialog.Android\XamarinCustomAlertDialog.Android.csproj", "{8194AC5C-4367-4444-96B6-7960F7F665C5}"
EndProject
Project("{FAE04EC0-301F-11D3-BF4B-00C04F79EFBC}") = "XamarinCustomAlertDialog.iOS", "XamarinCustomAlertDialog\XamarinCustomAlertDialog.iOS\XamarinCustomAlertDialog.iOS.csproj", "{151AD048-855C-443C-B924-3DE0F350EDC3}"
EndProject
Project("{FAE04EC0-301F-11D3-BF4B-00C04F79EFBC}") = "XamarinCustomAlertDialog", "XamarinCustomAlertDialog\XamarinCustomAlertDialog\XamarinCustomAlertDialog.csproj", "{DFC9D09E-DC00-4611-B047-E5C50964C0EC}"
EndProject
Global
	GlobalSection(SolutionConfigurationPlatforms) = preSolution
		Debug|Any CPU = Debug|Any CPU
		Debug|iPhone = Debug|iPhone
		Debug|iPhoneSimulator = Debug|iPhoneSimulator
		Release|Any CPU = Release|Any CPU
		Release|iPhone = Release|iPhone
		Release|iPhoneSimulator = Release|iPhoneSimulator
	EndGlobalSection
	GlobalSection(ProjectConfigurationPlatforms) = postSolution
		{8194AC5C-4367-4444-96B6-7960F7F665C5}.Debug|Any CPU.ActiveCfg = Debug|Any CPU
		{8194AC5C-4367-4444-96B6-7960F7F665C5}.Debug|Any CPU.Build.0 = Debug|Any CPU
		{8194AC5C-4367-4444-96B6-7960F7F665C5}.Debug|Any CPU.Deploy.0 = Debug|Any CPU
		{8194AC5C-4367-4444-96B6-7960F7F665C5}.Debug|iPhone.ActiveCfg = Debug|Any CPU
		{8194AC5C-4367-4444-96B6-7960F7F665C5}.Debug|iPhone.Build.0 = Debug|Any CPU
		{8194AC5C-4367-4444-96B6-7960F7F665C5}.Debug|iPhone.Deploy.0 = Debug|Any CPU
		{8194AC5C-4367-4444-96B6-7960F7F665C5}.Debug|iPhoneSimulator.ActiveCfg = Debug|Any CPU
		{8194AC5C-4367-4444-96B6-7960F7F665C5}.Debug|iPhoneSimulator.Build.0 = Debug|Any CPU
		{8194AC5C-4367-4444-96B6-7960F7F665C5}.Debug|iPhoneSimulator.Deploy.0 = Debug|Any CPU
		{8194AC5C-4367-4444-96B6-7960F7F665C5}.Release|Any CPU.ActiveCfg = Release|Any CPU
		{8194AC5C-4367-4444-96B6-7960F7F665C5}.Release|Any CPU.Build.0 = Release|Any CPU
		{8194AC5C-4367-4444-96B6-7960F7F665C5}.Release|Any CPU.Deploy.0 = Release|Any CPU
		{8194AC5C-4367-4444-96B6-7960F7F665C5}.Release|iPhone.ActiveCfg = Release|Any CPU
		{8194AC5C-4367-4444-96B6-7960F7F665C5}.Release|iPhone.Build.0 = Release|Any CPU
		{8194AC5C-4367-4444-96B6-7960F7F665C5}.Release|iPhone.Deploy.0 = Release|Any CPU
		{8194AC5C-4367-4444-96B6-7960F7F665C5}.Release|iPhoneSimulator.ActiveCfg = Release|Any CPU
		{8194AC5C-4367-4444-96B6-7960F7F665C5}.Release|iPhoneSimulator.Build.0 = Release|Any CPU
		{8194AC5C-4367-4444-96B6-7960F7F665C5}.Release|iPhoneSimulator.Deploy.0 = Release|Any CPU
		{151AD048-855C-443C-B924-3DE0F350EDC3}.Debug|Any CPU.ActiveCfg = Debug|iPhone
		{151AD048-855C-443C-B924-3DE0F350EDC3}.Debug|Any CPU.Build.0 = Debug|iPhone
		{151AD048-855C-443C-B924-3DE0F350EDC3}.Debug|Any CPU.Deploy.0 = Debug|iPhone
		{151AD048-855C-443C-B924-3DE0F350EDC3}.Debug|iPhone.ActiveCfg = Debug|iPhone
		{151AD048-855C-443C-B924-3DE0F350EDC3}.Debug|iPhone.Build.0 = Debug|iPhone
		{151AD048-855C-443C-B924-3DE0F350EDC3}.Debug|iPhone.Deploy.0 = Debug|iPhone
		{151AD048-855C-443C-B924-3DE0F350EDC3}.Debug|iPhoneSimulator.ActiveCfg = Debug|iPhoneSimulator
		{151AD048-855C-443C-B924-3DE0F350EDC3}.Debug|iPhoneSimulator.Build.0 = Debug|iPhoneSimulator
		{151AD048-855C-443C-B924-3DE0F350EDC3}.Debug|iPhoneSimulator.Deploy.0 = Debug|iPhoneSimulator
		{151AD048-855C-443C-B924-3DE0F350EDC3}.Release|Any CPU.ActiveCfg = Release|iPhoneSimulator
		{151AD048-855C-443C-B924-3DE0F350EDC3}.Release|Any CPU.Build.0 = Release|iPhoneSimulator
		{151AD048-855C-443C-B924-3DE0F350EDC3}.Release|Any CPU.Deploy.0 = Release|iPhoneSimulator
		{151AD048-855C-443C-B924-3DE0F350EDC3}.Release|iPhone.ActiveCfg = Release|iPhone
		{151AD048-855C-443C-B924-3DE0F350EDC3}.Release|iPhone.Build.0 = Release|iPhone
		{151AD048-855C-443C-B924-3DE0F350EDC3}.Release|iPhone.Deploy.0 = Release|iPhone
		{151AD048-855C-443C-B924-3DE0F350EDC3}.Release|iPhoneSimulator.ActiveCfg = Release|iPhoneSimulator
		{151AD048-855C-443C-B924-3DE0F350EDC3}.Release|iPhoneSimulator.Build.0 = Release|iPhoneSimulator
		{151AD048-855C-443C-B924-3DE0F350EDC3}.Release|iPhoneSimulator.Deploy.0 = Release|iPhoneSimulator
		{DFC9D09E-DC00-4611-B047-E5C50964C0EC}.Debug|Any CPU.ActiveCfg = Debug|Any CPU
		{DFC9D09E-DC00-4611-B047-E5C50964C0EC}.Debug|Any CPU.Build.0 = Debug|Any CPU
		{DFC9D09E-DC00-4611-B047-E5C50964C0EC}.Debug|Any CPU.Deploy.0 = Debug|Any CPU
		{DFC9D09E-DC00-4611-B047-E5C50964C0EC}.Debug|iPhone.ActiveCfg = Debug|Any CPU
		{DFC9D09E-DC00-4611-B047-E5C50964C0EC}.Debug|iPhone.Build.0 = Debug|Any CPU
		{DFC9D09E-DC00-4611-B047-E5C50964C0EC}.Debug|iPhone.Deploy.0 = Debug|Any CPU
		{DFC9D09E-DC00-4611-B047-E5C50964C0EC}.Debug|iPhoneSimulator.ActiveCfg = Debug|Any CPU
		{DFC9D09E-DC00-4611-B047-E5C50964C0EC}.Debug|iPhoneSimulator.Build.0 = Debug|Any CPU
		{DFC9D09E-DC00-4611-B047-E5C50964C0EC}.Debug|iPhoneSimulator.Deploy.0 = Debug|Any CPU
		{DFC9D09E-DC00-4611-B047-E5C50964C0EC}.Release|Any CPU.ActiveCfg = Release|Any CPU
		{DFC9D09E-DC00-4611-B047-E5C50964C0EC}.Release|Any CPU.Build.0 = Release|Any CPU
		{DFC9D09E-DC00-4611-B047-E5C50964C0EC}.Release|Any CPU.Deploy.0 = Release|Any CPU
		{DFC9D09E-DC00-4611-B047-E5C50964C0EC}.Release|iPhone.ActiveCfg = Release|Any CPU
		{DFC9D09E-DC00-4611-B047-E5C50964C0EC}.Release|iPhone.Build.0 = Release|Any CPU
		{DFC9D09E-DC00-4611-B047-E5C50964C0EC}.Release|iPhone.Deploy.0 = Release|Any CPU
		{DFC9D09E-DC00-4611-B047-E5C50964C0EC}.Release|iPhoneSimulator.ActiveCfg = Release|Any CPU
		{DFC9D09E-DC00-4611-B047-E5C50964C0EC}.Release|iPhoneSimulator.Build.0 = Release|Any CPU
		{DFC9D09E-DC00-4611-B047-E5C50964C0EC}.Release|iPhoneSimulator.Deploy.0 = Release|Any CPU
	EndGlobalSection
	GlobalSection(SolutionProperties) = preSolution
		HideSolutionNode = FALSE
	EndGlobalSection
	GlobalSection(ExtensibilityGlobals) = postSolution
		SolutionGuid = {F6CD09DA-D4EB-4D0F-BA12-5CC53013421A}
	EndGlobalSection
EndGlobal
